{
  "name": "smart-contract-interaction-with-etherjs",
  "version": "1.0.0",
  "lockfileVersion": 2,
  "requires": true,
  "packages": {
    "": {
      "name": "smart-contract-interaction-with-etherjs",
      "version": "1.0.0",
      "license": "ISC",
      "dependencies": {
        "ether.js": "^1.0.0"
      },
      "devDependencies": {
        "dotenv": "^16.4.5"
      }
    },
    "node_modules/dotenv": {
      "version": "16.4.5",
      "resolved": "https://registry.npmjs.org/dotenv/-/dotenv-16.4.5.tgz",
      "integrity": "sha512-ZmdL2rui+eB2YwhsWzjInR8LldtZHGDoQ1ugH85ppHKwpUHL7j7rN0Ti9NCnGiQbhaZ11FpR+7ao1dNsmduNUg==",
      "dev": true,
      "engines": {
        "node": ">=12"
      },
      "funding": {
        "url": "https://dotenvx.com"
      }
    },
    "node_modules/ether.js": {
      "version": "1.0.0",
      "resolved": "https://registry.npmjs.org/ether.js/-/ether.js-1.0.0.tgz",
      "integrity": "sha512-wyRcd9W2zx8GGxQYf5DHP7kDWBUFMs8Z6IqZ4Os+lNv99+0a+92LarD9hn5IFjaBaE3/pvk2tGyhRiagulr42A=="
    }
  },
  "dependencies": {
    "dotenv": {
      "version": "16.4.5",
      "resolved": "https://registry.npmjs.org/dotenv/-/dotenv-16.4.5.tgz",
      "integrity": "sha512-ZmdL2rui+eB2YwhsWzjInR8LldtZHGDoQ1ugH85ppHKwpUHL7j7rN0Ti9NCnGiQbhaZ11FpR+7ao1dNsmduNUg==",
      "dev": true
    },
    "ether.js": {
      "version": "1.0.0",
      "resolved": "https://registry.npmjs.org/ether.js/-/ether.js-1.0.0.tgz",
      "integrity": "sha512-wyRcd9W2zx8GGxQYf5DHP7kDWBUFMs8Z6IqZ4Os+lNv99+0a+92LarD9hn5IFjaBaE3/pvk2tGyhRiagulr42A=="
    }
  }
}
